
Microsoft Visual Studio Solution File, Format Version 12.00
# Visual Studio Version 17
VisualStudioVersion = 17.12.35521.163 d17.12
MinimumVisualStudioVersion = 10.0.40219.1
Project("{FAE04EC0-301F-11D3-BF4B-00C04F79EFBC}") = "Ripple.EventsTicketing.Api", "Ripple.EventsTicketing.Api\Ripple.EventsTicketing.Api.csproj", "{1EDCF69E-C915-4F60-8E06-7E5FD01EA5DA}"
EndProject
Project("{FAE04EC0-301F-11D3-BF4B-00C04F79EFBC}") = "Ripple.EventsTicketing.Domain", "Ripple.EventsTicketing.Domain\Ripple.EventsTicketing.Domain.csproj", "{FA92C0E4-687A-4C09-98D2-E229C1A8E447}"
EndProject
Project("{FAE04EC0-301F-11D3-BF4B-00C04F79EFBC}") = "Ripple.EventsTicketing.Application", "Ripple.EventsTicketing.Application\Ripple.EventsTicketing.Application.csproj", "{3A14F933-BF6B-4C58-AC6B-B8963AF3F21F}"
EndProject
Project("{FAE04EC0-301F-11D3-BF4B-00C04F79EFBC}") = "Ripple.EventsTicketing.Infrastructure", "Ripple.EventsTicketing.Infrastructure\Ripple.EventsTicketing.Infrastructure.csproj", "{45DF9C43-0E92-4178-B0EC-263CEC747547}"
EndProject
Project("{FAE04EC0-301F-11D3-BF4B-00C04F79EFBC}") = "Ripple.EventsTicketing.Tests", "Ripple.EventsTicketing.Tests\Ripple.EventsTicketing.Tests.csproj", "{F3FB8222-126B-4118-8487-31D8119F4209}"
EndProject
Global
	GlobalSection(SolutionConfigurationPlatforms) = preSolution
		Debug|Any CPU = Debug|Any CPU
		Release|Any CPU = Release|Any CPU
	EndGlobalSection
	GlobalSection(ProjectConfigurationPlatforms) = postSolution
		{1EDCF69E-C915-4F60-8E06-7E5FD01EA5DA}.Debug|Any CPU.ActiveCfg = Debug|Any CPU
		{1EDCF69E-C915-4F60-8E06-7E5FD01EA5DA}.Debug|Any CPU.Build.0 = Debug|Any CPU
		{1EDCF69E-C915-4F60-8E06-7E5FD01EA5DA}.Release|Any CPU.ActiveCfg = Release|Any CPU
		{1EDCF69E-C915-4F60-8E06-7E5FD01EA5DA}.Release|Any CPU.Build.0 = Release|Any CPU
		{FA92C0E4-687A-4C09-98D2-E229C1A8E447}.Debug|Any CPU.ActiveCfg = Debug|Any CPU
		{FA92C0E4-687A-4C09-98D2-E229C1A8E447}.Debug|Any CPU.Build.0 = Debug|Any CPU
		{FA92C0E4-687A-4C09-98D2-E229C1A8E447}.Release|Any CPU.ActiveCfg = Release|Any CPU
		{FA92C0E4-687A-4C09-98D2-E229C1A8E447}.Release|Any CPU.Build.0 = Release|Any CPU
		{3A14F933-BF6B-4C58-AC6B-B8963AF3F21F}.Debug|Any CPU.ActiveCfg = Debug|Any CPU
		{3A14F933-BF6B-4C58-AC6B-B8963AF3F21F}.Debug|Any CPU.Build.0 = Debug|Any CPU
		{3A14F933-BF6B-4C58-AC6B-B8963AF3F21F}.Release|Any CPU.ActiveCfg = Release|Any CPU
		{3A14F933-BF6B-4C58-AC6B-B8963AF3F21F}.Release|Any CPU.Build.0 = Release|Any CPU
		{45DF9C43-0E92-4178-B0EC-263CEC747547}.Debug|Any CPU.ActiveCfg = Debug|Any CPU
		{45DF9C43-0E92-4178-B0EC-263CEC747547}.Debug|Any CPU.Build.0 = Debug|Any CPU
		{45DF9C43-0E92-4178-B0EC-263CEC747547}.Release|Any CPU.ActiveCfg = Release|Any CPU
		{45DF9C43-0E92-4178-B0EC-263CEC747547}.Release|Any CPU.Build.0 = Release|Any CPU
		{F3FB8222-126B-4118-8487-31D8119F4209}.Debug|Any CPU.ActiveCfg = Debug|Any CPU
		{F3FB8222-126B-4118-8487-31D8119F4209}.Debug|Any CPU.Build.0 = Debug|Any CPU
		{F3FB8222-126B-4118-8487-31D8119F4209}.Release|Any CPU.ActiveCfg = Release|Any CPU
		{F3FB8222-126B-4118-8487-31D8119F4209}.Release|Any CPU.Build.0 = Release|Any CPU
	EndGlobalSection
	GlobalSection(SolutionProperties) = preSolution
		HideSolutionNode = FALSE
	EndGlobalSection
EndGlobal
